github.com/ns-yiyouc/mock-dependency-project v0.1.1 h1:6MhtLrbUGPo7PLoLe6V6UpfbrlfgsMIX2xrvMcNHNs8=
github.com/ns-yiyouc/mock-dependency-project v0.1.1/go.mod h1:+E5QLwiX19yUTYsnHDKnwcj6LU5kh0n3yf/oW4Y1Ysw=
github.com/ns-yiyouc/mock-dependency-project v0.1.2 h1:iv4ynxsShzfpMpWed3IIC4WT/nQinXiMbu0UWpTh7Jc=
github.com/ns-yiyouc/mock-dependency-project v0.1.2/go.mod h1:+E5QLwiX19yUTYsnHDKnwcj6LU5kh0n3yf/oW4Y1Ysw=
